
Microsoft Visual Studio Solution File, Format Version 12.00
# Visual Studio 14
VisualStudioVersion = 14.0.25420.1
MinimumVisualStudioVersion = 10.0.40219.1
Project("{FAE04EC0-301F-11D3-BF4B-00C04F79EFBC}") = "ExportTableToExcel", "ExcelForm\ExportTableToExcel.csproj", "{BD962D72-097C-4532-8C94-665BF22A1CE4}"
EndProject
Project("{FAE04EC0-301F-11D3-BF4B-00C04F79EFBC}") = "MyEntity", "MyEntity\MyEntity.csproj", "{7D995ECB-88AD-46F6-B50F-CEBD9806D788}"
EndProject
Global
	GlobalSection(SolutionConfigurationPlatforms) = preSolution
		Debug|Any CPU = Debug|Any CPU
		Release|Any CPU = Release|Any CPU
	EndGlobalSection
	GlobalSection(ProjectConfigurationPlatforms) = postSolution
		{BD962D72-097C-4532-8C94-665BF22A1CE4}.Debug|Any CPU.ActiveCfg = Debug|Any CPU
		{BD962D72-097C-4532-8C94-665BF22A1CE4}.Debug|Any CPU.Build.0 = Debug|Any CPU
		{BD962D72-097C-4532-8C94-665BF22A1CE4}.Release|Any CPU.ActiveCfg = Release|Any CPU
		{BD962D72-097C-4532-8C94-665BF22A1CE4}.Release|Any CPU.Build.0 = Release|Any CPU
		{7D995ECB-88AD-46F6-B50F-CEBD9806D788}.Debug|Any CPU.ActiveCfg = Debug|Any CPU
		{7D995ECB-88AD-46F6-B50F-CEBD9806D788}.Debug|Any CPU.Build.0 = Debug|Any CPU
		{7D995ECB-88AD-46F6-B50F-CEBD9806D788}.Release|Any CPU.ActiveCfg = Release|Any CPU
		{7D995ECB-88AD-46F6-B50F-CEBD9806D788}.Release|Any CPU.Build.0 = Release|Any CPU
	EndGlobalSection
	GlobalSection(SolutionProperties) = preSolution
		HideSolutionNode = FALSE
	EndGlobalSection
	GlobalSection(ExtensibilityGlobals) = postSolution
		SolutionGuid = {A7E08D59-A848-4C23-8C8F-66AA5775A28B}
	EndGlobalSection
EndGlobal
